
Microsoft Visual Studio Solution File, Format Version 12.00
# Visual Studio 15
VisualStudioVersion = 15.0.26730.15
MinimumVisualStudioVersion = 10.0.40219.1
Project("{FAE04EC0-301F-11D3-BF4B-00C04F79EFBC}") = "Практика задача 3", "Практика задача 3\Практика задача 3.csproj", "{F64D55F7-CE43-4918-B4B4-10E081F88904}"
EndProject
Global
	GlobalSection(SolutionConfigurationPlatforms) = preSolution
		Debug|Any CPU = Debug|Any CPU
		Release|Any CPU = Release|Any CPU
	EndGlobalSection
	GlobalSection(ProjectConfigurationPlatforms) = postSolution
		{F64D55F7-CE43-4918-B4B4-10E081F88904}.Debug|Any CPU.ActiveCfg = Debug|Any CPU
		{F64D55F7-CE43-4918-B4B4-10E081F88904}.Debug|Any CPU.Build.0 = Debug|Any CPU
		{F64D55F7-CE43-4918-B4B4-10E081F88904}.Release|Any CPU.ActiveCfg = Release|Any CPU
		{F64D55F7-CE43-4918-B4B4-10E081F88904}.Release|Any CPU.Build.0 = Release|Any CPU
	EndGlobalSection
	GlobalSection(SolutionProperties) = preSolution
		HideSolutionNode = FALSE
	EndGlobalSection
	GlobalSection(ExtensibilityGlobals) = postSolution
		SolutionGuid = {2B3FA3CB-5413-4B45-92CD-3E9AFADF60F3}
	EndGlobalSection
EndGlobal
